
Microsoft Visual Studio Solution File, Format Version 12.00
# Visual Studio Version 16
VisualStudioVersion = 16.0.29911.84
MinimumVisualStudioVersion = 10.0.40219.1
Project("{FAE04EC0-301F-11D3-BF4B-00C04F79EFBC}") = "TransfersApp", "TransfersApp\TransfersApp.csproj", "{4333906B-DFCF-403B-BA2C-3842AD7B9880}"
EndProject
Global
	GlobalSection(SolutionConfigurationPlatforms) = preSolution
		Debug|Any CPU = Debug|Any CPU
		Release|Any CPU = Release|Any CPU
	EndGlobalSection
	GlobalSection(ProjectConfigurationPlatforms) = postSolution
		{4333906B-DFCF-403B-BA2C-3842AD7B9880}.Debug|Any CPU.ActiveCfg = Debug|Any CPU
		{4333906B-DFCF-403B-BA2C-3842AD7B9880}.Debug|Any CPU.Build.0 = Debug|Any CPU
		{4333906B-DFCF-403B-BA2C-3842AD7B9880}.Release|Any CPU.ActiveCfg = Release|Any CPU
		{4333906B-DFCF-403B-BA2C-3842AD7B9880}.Release|Any CPU.Build.0 = Release|Any CPU
	EndGlobalSection
	GlobalSection(SolutionProperties) = preSolution
		HideSolutionNode = FALSE
	EndGlobalSection
	GlobalSection(ExtensibilityGlobals) = postSolution
		SolutionGuid = {7E7C9C74-1046-4EAC-9D73-10D09D679F02}
	EndGlobalSection
EndGlobal
